
Microsoft Visual Studio Solution File, Format Version 12.00
# Visual Studio Version 17
VisualStudioVersion = 17.5.33516.290
MinimumVisualStudioVersion = 10.0.40219.1
Project("{9A19103F-16F7-4668-BE54-9A1E7A4F7556}") = "PokedexBlazor", "PokedexBlazor\PokedexBlazor.csproj", "{2992DC0A-9EC9-49B2-901F-E5B5652B0739}"
EndProject
Project("{9A19103F-16F7-4668-BE54-9A1E7A4F7556}") = "TestFunction", "TestFunction\TestFunction.csproj", "{8AB4F2A4-0C8E-47CD-856F-CE36DCD51A42}"
EndProject
Global
	GlobalSection(SolutionConfigurationPlatforms) = preSolution
		Debug|Any CPU = Debug|Any CPU
		Release|Any CPU = Release|Any CPU
	EndGlobalSection
	GlobalSection(ProjectConfigurationPlatforms) = postSolution
		{2992DC0A-9EC9-49B2-901F-E5B5652B0739}.Debug|Any CPU.ActiveCfg = Debug|Any CPU
		{2992DC0A-9EC9-49B2-901F-E5B5652B0739}.Debug|Any CPU.Build.0 = Debug|Any CPU
		{2992DC0A-9EC9-49B2-901F-E5B5652B0739}.Release|Any CPU.ActiveCfg = Release|Any CPU
		{2992DC0A-9EC9-49B2-901F-E5B5652B0739}.Release|Any CPU.Build.0 = Release|Any CPU
		{8AB4F2A4-0C8E-47CD-856F-CE36DCD51A42}.Debug|Any CPU.ActiveCfg = Debug|Any CPU
		{8AB4F2A4-0C8E-47CD-856F-CE36DCD51A42}.Debug|Any CPU.Build.0 = Debug|Any CPU
		{8AB4F2A4-0C8E-47CD-856F-CE36DCD51A42}.Release|Any CPU.ActiveCfg = Release|Any CPU
		{8AB4F2A4-0C8E-47CD-856F-CE36DCD51A42}.Release|Any CPU.Build.0 = Release|Any CPU
	EndGlobalSection
	GlobalSection(SolutionProperties) = preSolution
		HideSolutionNode = FALSE
	EndGlobalSection
	GlobalSection(ExtensibilityGlobals) = postSolution
		SolutionGuid = {AF286E9F-086E-477B-BE98-F8E0B36015E6}
	EndGlobalSection
EndGlobal
