
Microsoft Visual Studio Solution File, Format Version 12.00
# Visual Studio Version 17
VisualStudioVersion = 17.0.31717.71
MinimumVisualStudioVersion = 10.0.40219.1
Project("{9A19103F-16F7-4668-BE54-9A1E7A4F7556}") = "PokedexBlazor", "PokedexBlazor.csproj", "{5B0BEF60-658C-4249-8B40-E06CD1325E11}"
EndProject
Global
	GlobalSection(SolutionConfigurationPlatforms) = preSolution
		Debug|Any CPU = Debug|Any CPU
		Release|Any CPU = Release|Any CPU
	EndGlobalSection
	GlobalSection(ProjectConfigurationPlatforms) = postSolution
		{5B0BEF60-658C-4249-8B40-E06CD1325E11}.Debug|Any CPU.ActiveCfg = Debug|Any CPU
		{5B0BEF60-658C-4249-8B40-E06CD1325E11}.Debug|Any CPU.Build.0 = Debug|Any CPU
		{5B0BEF60-658C-4249-8B40-E06CD1325E11}.Release|Any CPU.ActiveCfg = Release|Any CPU
		{5B0BEF60-658C-4249-8B40-E06CD1325E11}.Release|Any CPU.Build.0 = Release|Any CPU
	EndGlobalSection
	GlobalSection(SolutionProperties) = preSolution
		HideSolutionNode = FALSE
	EndGlobalSection
	GlobalSection(ExtensibilityGlobals) = postSolution
		SolutionGuid = {7C6BE447-5E4F-4936-B641-B68F76456BD7}
	EndGlobalSection
EndGlobal